
Microsoft Visual Studio Solution File, Format Version 12.00
# Visual Studio Version 17
VisualStudioVersion = 17.10.35013.160
MinimumVisualStudioVersion = 10.0.40219.1
Project("{FAE04EC0-301F-11D3-BF4B-00C04F79EFBC}") = "SnippetWorkbench", "SnippetWorkbench\SnippetWorkbench.csproj", "{37471912-0289-420E-820B-07EC9CB5F2B8}"
EndProject
Global
	GlobalSection(SolutionConfigurationPlatforms) = preSolution
		Debug|Any CPU = Debug|Any CPU
		Release|Any CPU = Release|Any CPU
	EndGlobalSection
	GlobalSection(ProjectConfigurationPlatforms) = postSolution
		{37471912-0289-420E-820B-07EC9CB5F2B8}.Debug|Any CPU.ActiveCfg = Debug|Any CPU
		{37471912-0289-420E-820B-07EC9CB5F2B8}.Debug|Any CPU.Build.0 = Debug|Any CPU
		{37471912-0289-420E-820B-07EC9CB5F2B8}.Release|Any CPU.ActiveCfg = Release|Any CPU
		{37471912-0289-420E-820B-07EC9CB5F2B8}.Release|Any CPU.Build.0 = Release|Any CPU
	EndGlobalSection
	GlobalSection(SolutionProperties) = preSolution
		HideSolutionNode = FALSE
	EndGlobalSection
	GlobalSection(ExtensibilityGlobals) = postSolution
		SolutionGuid = {CB1DE8EA-5143-4C6C-823D-DF558459C398}
	EndGlobalSection
EndGlobal
